
Microsoft Visual Studio Solution File, Format Version 12.00
# Visual Studio Version 17
VisualStudioVersion = 17.0.31903.59
MinimumVisualStudioVersion = 10.0.40219.1
Project("{2150E333-8FDC-42A3-9474-1A3956D46DE8}") = "src", "src", "{3C0E5B52-765B-4506-A23D-B1806141BED7}"
EndProject
Project("{9A19103F-16F7-4668-BE54-9A1E7A4F7556}") = "IoTAnomalyDetector.API", "src\IoTAnomalyDetector.API\IoTAnomalyDetector.API.csproj", "{79BA5385-4FDF-4F14-B99F-076ED4B793BB}"
EndProject
Project("{9A19103F-16F7-4668-BE54-9A1E7A4F7556}") = "IoTAnomalyDetector.Lib", "src\IoTAnomalyDetector.Lib\IoTAnomalyDetector.Lib.csproj", "{0E93E52B-FDAF-4CA5-974C-3BF9F01947C1}"
EndProject
Project("{2150E333-8FDC-42A3-9474-1A3956D46DE8}") = "tests", "tests", "{EB87EA2E-CC6B-4A8A-8149-082033C884CB}"
EndProject
Project("{9A19103F-16F7-4668-BE54-9A1E7A4F7556}") = "IoTAnomalyDetector.Tests", "tests\IoTAnomalyDetector.Tests\IoTAnomalyDetector.Tests.csproj", "{28060419-E846-43CF-8043-BB531E400BA0}"
EndProject
Project("{2150E333-8FDC-42A3-9474-1A3956D46DE8}") = "Solution Items", "Solution Items", "{DE91D503-4911-4F4A-A4F9-F455470341F8}"
	ProjectSection(SolutionItems) = preProject
		.gitignore = .gitignore
	EndProjectSection
EndProject
Project("{2150E333-8FDC-42A3-9474-1A3956D46DE8}") = "infra", "infra", "{BF994F6A-3CAB-4C7D-9867-571525182160}"
	ProjectSection(SolutionItems) = preProject
		iotHub.bicep = iotHub.bicep
	EndProjectSection
EndProject
Project("{FAE04EC0-301F-11D3-BF4B-00C04F79EFBC}") = "IoTAnomalyDetector.Simulator", "src\IoTAnomalyDetector.Simulator\IoTAnomalyDetector.Simulator.csproj", "{B28C4D62-4DAC-4255-96BB-C7453B0C4D58}"
EndProject
Global
	GlobalSection(SolutionConfigurationPlatforms) = preSolution
		Debug|Any CPU = Debug|Any CPU
		Release|Any CPU = Release|Any CPU
	EndGlobalSection
	GlobalSection(ProjectConfigurationPlatforms) = postSolution
		{79BA5385-4FDF-4F14-B99F-076ED4B793BB}.Debug|Any CPU.ActiveCfg = Debug|Any CPU
		{79BA5385-4FDF-4F14-B99F-076ED4B793BB}.Debug|Any CPU.Build.0 = Debug|Any CPU
		{79BA5385-4FDF-4F14-B99F-076ED4B793BB}.Release|Any CPU.ActiveCfg = Release|Any CPU
		{79BA5385-4FDF-4F14-B99F-076ED4B793BB}.Release|Any CPU.Build.0 = Release|Any CPU
		{0E93E52B-FDAF-4CA5-974C-3BF9F01947C1}.Debug|Any CPU.ActiveCfg = Debug|Any CPU
		{0E93E52B-FDAF-4CA5-974C-3BF9F01947C1}.Debug|Any CPU.Build.0 = Debug|Any CPU
		{0E93E52B-FDAF-4CA5-974C-3BF9F01947C1}.Release|Any CPU.ActiveCfg = Release|Any CPU
		{0E93E52B-FDAF-4CA5-974C-3BF9F01947C1}.Release|Any CPU.Build.0 = Release|Any CPU
		{28060419-E846-43CF-8043-BB531E400BA0}.Debug|Any CPU.ActiveCfg = Debug|Any CPU
		{28060419-E846-43CF-8043-BB531E400BA0}.Debug|Any CPU.Build.0 = Debug|Any CPU
		{28060419-E846-43CF-8043-BB531E400BA0}.Release|Any CPU.ActiveCfg = Release|Any CPU
		{28060419-E846-43CF-8043-BB531E400BA0}.Release|Any CPU.Build.0 = Release|Any CPU
		{B28C4D62-4DAC-4255-96BB-C7453B0C4D58}.Debug|Any CPU.ActiveCfg = Debug|Any CPU
		{B28C4D62-4DAC-4255-96BB-C7453B0C4D58}.Debug|Any CPU.Build.0 = Debug|Any CPU
		{B28C4D62-4DAC-4255-96BB-C7453B0C4D58}.Release|Any CPU.ActiveCfg = Release|Any CPU
		{B28C4D62-4DAC-4255-96BB-C7453B0C4D58}.Release|Any CPU.Build.0 = Release|Any CPU
	EndGlobalSection
	GlobalSection(SolutionProperties) = preSolution
		HideSolutionNode = FALSE
	EndGlobalSection
	GlobalSection(NestedProjects) = preSolution
		{79BA5385-4FDF-4F14-B99F-076ED4B793BB} = {3C0E5B52-765B-4506-A23D-B1806141BED7}
		{0E93E52B-FDAF-4CA5-974C-3BF9F01947C1} = {3C0E5B52-765B-4506-A23D-B1806141BED7}
		{28060419-E846-43CF-8043-BB531E400BA0} = {EB87EA2E-CC6B-4A8A-8149-082033C884CB}
		{B28C4D62-4DAC-4255-96BB-C7453B0C4D58} = {3C0E5B52-765B-4506-A23D-B1806141BED7}
	EndGlobalSection
EndGlobal
